Microsoft Visual Studio Solution File, Format Version 12.00
# Visual Studio Version 17
VisualStudioVersion = 17.5.2.0
MinimumVisualStudioVersion = 10.0.40219.1
Project("{FAE04EC0-301F-11D3-BF4B-00C04F79EFBC}") = "TriagemInteligente", "TriagemInteligente.csproj", "{3710198B-D346-7E69-8AA3-5E38A23AA1B3}"
EndProject
Global
	GlobalSection(SolutionConfigurationPlatforms) = preSolution
		Debug|Any CPU = Debug|Any CPU
		Release|Any CPU = Release|Any CPU
	EndGlobalSection
	GlobalSection(ProjectConfigurationPlatforms) = postSolution
		{3710198B-D346-7E69-8AA3-5E38A23AA1B3}.Debug|Any CPU.ActiveCfg = Debug|Any CPU
		{3710198B-D346-7E69-8AA3-5E38A23AA1B3}.Debug|Any CPU.Build.0 = Debug|Any CPU
		{3710198B-D346-7E69-8AA3-5E38A23AA1B3}.Release|Any CPU.ActiveCfg = Release|Any CPU
		{3710198B-D346-7E69-8AA3-5E38A23AA1B3}.Release|Any CPU.Build.0 = Release|Any CPU
	EndGlobalSection
	GlobalSection(SolutionProperties) = preSolution
		HideSolutionNode = FALSE
	EndGlobalSection
	GlobalSection(ExtensibilityGlobals) = postSolution
		SolutionGuid = {9846883E-AB88-4D8F-A83D-C55B991D5287}
	EndGlobalSection
EndGlobal
